
Microsoft Visual Studio Solution File, Format Version 12.00
# Visual Studio Version 17
VisualStudioVersion = 17.3.32922.545
MinimumVisualStudioVersion = 10.0.40219.1
Project("{FAE04EC0-301F-11D3-BF4B-00C04F79EFBC}") = "ConsoleApp1", "ConsoleApp1.csproj", "{C57E82A2-A501-4256-A57C-6564C9519CBC}"
EndProject
Global
	GlobalSection(SolutionConfigurationPlatforms) = preSolution
		Debug|Any CPU = Debug|Any CPU
		Release|Any CPU = Release|Any CPU
	EndGlobalSection
	GlobalSection(ProjectConfigurationPlatforms) = postSolution
		{C57E82A2-A501-4256-A57C-6564C9519CBC}.Debug|Any CPU.ActiveCfg = Debug|Any CPU
		{C57E82A2-A501-4256-A57C-6564C9519CBC}.Debug|Any CPU.Build.0 = Debug|Any CPU
		{C57E82A2-A501-4256-A57C-6564C9519CBC}.Release|Any CPU.ActiveCfg = Release|Any CPU
		{C57E82A2-A501-4256-A57C-6564C9519CBC}.Release|Any CPU.Build.0 = Release|Any CPU
	EndGlobalSection
	GlobalSection(SolutionProperties) = preSolution
		HideSolutionNode = FALSE
	EndGlobalSection
	GlobalSection(ExtensibilityGlobals) = postSolution
		SolutionGuid = {FA530163-241F-4E13-8D0A-C1A7C0A61964}
	EndGlobalSection
EndGlobal
